
Microsoft Visual Studio Solution File, Format Version 12.00
# Visual Studio Version 16
VisualStudioVersion = 16.0.32802.440
MinimumVisualStudioVersion = 10.0.40219.1
Project("{FAE04EC0-301F-11D3-BF4B-00C04F79EFBC}") = "SalesWebMvc", "SalesWebMvc\SalesWebMvc.csproj", "{7FB82530-77EF-4394-9F9D-498E829AAD1B}"
EndProject
Global
	GlobalSection(SolutionConfigurationPlatforms) = preSolution
		Debug|Any CPU = Debug|Any CPU
		Release|Any CPU = Release|Any CPU
	EndGlobalSection
	GlobalSection(ProjectConfigurationPlatforms) = postSolution
		{7FB82530-77EF-4394-9F9D-498E829AAD1B}.Debug|Any CPU.ActiveCfg = Debug|Any CPU
		{7FB82530-77EF-4394-9F9D-498E829AAD1B}.Debug|Any CPU.Build.0 = Debug|Any CPU
		{7FB82530-77EF-4394-9F9D-498E829AAD1B}.Release|Any CPU.ActiveCfg = Release|Any CPU
		{7FB82530-77EF-4394-9F9D-498E829AAD1B}.Release|Any CPU.Build.0 = Release|Any CPU
	EndGlobalSection
	GlobalSection(SolutionProperties) = preSolution
		HideSolutionNode = FALSE
	EndGlobalSection
	GlobalSection(ExtensibilityGlobals) = postSolution
		SolutionGuid = {7C89D592-C4FC-4C39-B5C5-CE290B4496C5}
	EndGlobalSection
EndGlobal
