
Microsoft Visual Studio Solution File, Format Version 12.00
# Visual Studio Version 16
VisualStudioVersion = 16.0.32802.440
MinimumVisualStudioVersion = 10.0.40219.1
Project("{FAE04EC0-301F-11D3-BF4B-00C04F79EFBC}") = "SalesWebMvc2", "SalesWebMvc2\SalesWebMvc2.csproj", "{D9552300-D162-473D-A055-4622F1733FD1}"
EndProject
Global
	GlobalSection(SolutionConfigurationPlatforms) = preSolution
		Debug|Any CPU = Debug|Any CPU
		Release|Any CPU = Release|Any CPU
	EndGlobalSection
	GlobalSection(ProjectConfigurationPlatforms) = postSolution
		{D9552300-D162-473D-A055-4622F1733FD1}.Debug|Any CPU.ActiveCfg = Debug|Any CPU
		{D9552300-D162-473D-A055-4622F1733FD1}.Debug|Any CPU.Build.0 = Debug|Any CPU
		{D9552300-D162-473D-A055-4622F1733FD1}.Release|Any CPU.ActiveCfg = Release|Any CPU
		{D9552300-D162-473D-A055-4622F1733FD1}.Release|Any CPU.Build.0 = Release|Any CPU
	EndGlobalSection
	GlobalSection(SolutionProperties) = preSolution
		HideSolutionNode = FALSE
	EndGlobalSection
	GlobalSection(ExtensibilityGlobals) = postSolution
		SolutionGuid = {E8BEB6CD-76CC-401F-8993-E4A9B2A5F1AA}
	EndGlobalSection
EndGlobal
